
Microsoft Visual Studio Solution File, Format Version 12.00
# Visual Studio 15
VisualStudioVersion = 15.0.28307.102
MinimumVisualStudioVersion = 10.0.40219.1
Project("{9A19103F-16F7-4668-BE54-9A1E7A4F7556}") = "EmployeeDirectoryAPI", "EmployeeDirectoryAPI\EmployeeDirectoryAPI.csproj", "{F35B7BDF-230D-4727-A0BC-69E4F45192F9}"
EndProject
Project("{E53339B2-1760-4266-BCC7-CA923CBCF16C}") = "docker-compose", "docker-compose.dcproj", "{BC4FB367-7908-48DB-BB42-813EED79AA56}"
EndProject
Project("{E24C65DC-7377-472B-9ABA-BC803B73C61A}") = "Angular Project", "D:\Angular Project\", "{515F2D29-DE9D-4995-8E67-D4B95BC79300}"
	ProjectSection(WebsiteProperties) = preProject
		TargetFrameworkMoniker = ".NETFramework,Version%3Dv4.0"
		Debug.AspNetCompiler.VirtualPath = "/localhost_57150"
		Debug.AspNetCompiler.PhysicalPath = "D:\Angular Project\"
		Debug.AspNetCompiler.TargetPath = "PrecompiledWeb\localhost_57150\"
		Debug.AspNetCompiler.Updateable = "true"
		Debug.AspNetCompiler.ForceOverwrite = "true"
		Debug.AspNetCompiler.FixedNames = "false"
		Debug.AspNetCompiler.Debug = "True"
		Release.AspNetCompiler.VirtualPath = "/localhost_57150"
		Release.AspNetCompiler.PhysicalPath = "D:\Angular Project\"
		Release.AspNetCompiler.TargetPath = "PrecompiledWeb\localhost_57150\"
		Release.AspNetCompiler.Updateable = "true"
		Release.AspNetCompiler.ForceOverwrite = "true"
		Release.AspNetCompiler.FixedNames = "false"
		Release.AspNetCompiler.Debug = "False"
		VWDPort = "57150"
		SlnRelativePath = "D:\Angular Project\"
	EndProjectSection
EndProject
Global
	GlobalSection(SolutionConfigurationPlatforms) = preSolution
		Debug|Any CPU = Debug|Any CPU
		Release|Any CPU = Release|Any CPU
	EndGlobalSection
	GlobalSection(ProjectConfigurationPlatforms) = postSolution
		{F35B7BDF-230D-4727-A0BC-69E4F45192F9}.Debug|Any CPU.ActiveCfg = Debug|Any CPU
		{F35B7BDF-230D-4727-A0BC-69E4F45192F9}.Debug|Any CPU.Build.0 = Debug|Any CPU
		{F35B7BDF-230D-4727-A0BC-69E4F45192F9}.Release|Any CPU.ActiveCfg = Release|Any CPU
		{F35B7BDF-230D-4727-A0BC-69E4F45192F9}.Release|Any CPU.Build.0 = Release|Any CPU
		{BC4FB367-7908-48DB-BB42-813EED79AA56}.Debug|Any CPU.ActiveCfg = Debug|Any CPU
		{BC4FB367-7908-48DB-BB42-813EED79AA56}.Debug|Any CPU.Build.0 = Debug|Any CPU
		{BC4FB367-7908-48DB-BB42-813EED79AA56}.Release|Any CPU.ActiveCfg = Release|Any CPU
		{BC4FB367-7908-48DB-BB42-813EED79AA56}.Release|Any CPU.Build.0 = Release|Any CPU
		{515F2D29-DE9D-4995-8E67-D4B95BC79300}.Debug|Any CPU.ActiveCfg = Debug|Any CPU
		{515F2D29-DE9D-4995-8E67-D4B95BC79300}.Debug|Any CPU.Build.0 = Debug|Any CPU
		{515F2D29-DE9D-4995-8E67-D4B95BC79300}.Release|Any CPU.ActiveCfg = Debug|Any CPU
		{515F2D29-DE9D-4995-8E67-D4B95BC79300}.Release|Any CPU.Build.0 = Debug|Any CPU
	EndGlobalSection
	GlobalSection(SolutionProperties) = preSolution
		HideSolutionNode = FALSE
	EndGlobalSection
	GlobalSection(ExtensibilityGlobals) = postSolution
		SolutionGuid = {4B13ED59-FE71-4976-B73F-F04CEFDE560F}
	EndGlobalSection
EndGlobal
